
Microsoft Visual Studio Solution File, Format Version 12.00
# Visual Studio Version 17
VisualStudioVersion = 17.10.35013.160
MinimumVisualStudioVersion = 10.0.40219.1
Project("{FAE04EC0-301F-11D3-BF4B-00C04F79EFBC}") = "events", "events.csproj", "{0A663046-7199-450E-AAA0-655489123C0C}"
EndProject
Global
	GlobalSection(SolutionConfigurationPlatforms) = preSolution
		Debug|Any CPU = Debug|Any CPU
		Release|Any CPU = Release|Any CPU
	EndGlobalSection
	GlobalSection(ProjectConfigurationPlatforms) = postSolution
		{0A663046-7199-450E-AAA0-655489123C0C}.Debug|Any CPU.ActiveCfg = Debug|Any CPU
		{0A663046-7199-450E-AAA0-655489123C0C}.Debug|Any CPU.Build.0 = Debug|Any CPU
		{0A663046-7199-450E-AAA0-655489123C0C}.Release|Any CPU.ActiveCfg = Release|Any CPU
		{0A663046-7199-450E-AAA0-655489123C0C}.Release|Any CPU.Build.0 = Release|Any CPU
	EndGlobalSection
	GlobalSection(SolutionProperties) = preSolution
		HideSolutionNode = FALSE
	EndGlobalSection
	GlobalSection(ExtensibilityGlobals) = postSolution
		SolutionGuid = {5951ACF4-119A-4BE3-BDE0-5F7008863A08}
	EndGlobalSection
EndGlobal
